
Microsoft Visual Studio Solution File, Format Version 12.00
# Visual Studio Version 17
VisualStudioVersion = 17.10.34916.146
MinimumVisualStudioVersion = 10.0.40219.1
Project("{FAE04EC0-301F-11D3-BF4B-00C04F79EFBC}") = "HW_Group", "HW_Group.csproj", "{E215DCD9-697D-478D-A855-9F202FF4CF70}"
EndProject
Global
	GlobalSection(SolutionConfigurationPlatforms) = preSolution
		Debug|Any CPU = Debug|Any CPU
		Release|Any CPU = Release|Any CPU
	EndGlobalSection
	GlobalSection(ProjectConfigurationPlatforms) = postSolution
		{E215DCD9-697D-478D-A855-9F202FF4CF70}.Debug|Any CPU.ActiveCfg = Debug|Any CPU
		{E215DCD9-697D-478D-A855-9F202FF4CF70}.Debug|Any CPU.Build.0 = Debug|Any CPU
		{E215DCD9-697D-478D-A855-9F202FF4CF70}.Release|Any CPU.ActiveCfg = Release|Any CPU
		{E215DCD9-697D-478D-A855-9F202FF4CF70}.Release|Any CPU.Build.0 = Release|Any CPU
	EndGlobalSection
	GlobalSection(SolutionProperties) = preSolution
		HideSolutionNode = FALSE
	EndGlobalSection
	GlobalSection(ExtensibilityGlobals) = postSolution
		SolutionGuid = {82810CAF-F44C-4231-98B0-728B7909A0FC}
	EndGlobalSection
EndGlobal
